// !$*UTF8*$!
{
	archiveVersion = 1;
	classes = {
	};
	objectVersion = 46;
	objects = {

/* Begin PBXBuildFile section */
		84A0C4E81A12478500847C92 /* main.m in Sources */ = {isa = PBXBuildFile; fileRef = 84A0C4E71A12478500847C92 /* main.m */; };
		84A0C4EB1A12478600847C92 /* AppDelegate.m in Sources */ = {isa = PBXBuildFile; fileRef = 84A0C4EA1A12478600847C92 /* AppDelegate.m */; };
		84A0C4EE1A12478600847C92 /* BadEggManager.xcdatamodeld in Sources */ = {isa = PBXBuildFile; fileRef = 84A0C4EC1A12478600847C92 /* BadEggManager.xcdatamodeld */; };
		84A0C4F11A12478600847C92 /* MainViewController.m in Sources */ = {isa = PBXBuildFile; fileRef = 84A0C4F01A12478600847C92 /* MainViewController.m */; };
		84A0C4F41A12478600847C92 /* Main.storyboard in Resources */ = {isa = PBXBuildFile; fileRef = 84A0C4F21A12478600847C92 /* Main.storyboard */; };
		84A0C4F61A12478600847C92 /* Images.xcassets in Resources */ = {isa = PBXBuildFile; fileRef = 84A0C4F51A12478600847C92 /* Images.xcassets */; };
		84A0C4F91A12478600847C92 /* LaunchScreen.xib in Resources */ = {isa = PBXBuildFile; fileRef = 84A0C4F71A12478600847C92 /* LaunchScreen.xib */; };
		84A0C5051A12478700847C92 /* BadEggManagerTests.m in Sources */ = {isa = PBXBuildFile; fileRef = 84A0C5041A12478700847C92 /* BadEggManagerTests.m */; };
		84A0C5111A1258AF00847C92 /* ButtonStyleSetter.m in Sources */ = {isa = PBXBuildFile; fileRef = 84A0C5101A1258AF00847C92 /* ButtonStyleSetter.m */; };
/* End PBXBuildFile section */

/* Begin PBXContainerItemProxy section */
		84A0C4FF1A12478700847C92 /* PBXContainerItemProxy */ = {
			isa = PBXContainerItemProxy;
			containerPortal = 84A0C4DA1A12478300847C92 /* Project object */;
			proxyType = 1;
			remoteGlobalIDString = 84A0C4E11A12478400847C92;
			remoteInfo = BadEggManager;
		};
/* End PBXContainerItemProxy section */

/* Begin PBXFileReference section */
		84A0C4E21A12478400847C92 /* BadEggManager.app */ = {isa = PBXFileReference; explicitFileType = wrapper.application; includeInIndex = 0; path = BadEggManager.app; sourceTree = BUILT_PRODUCTS_DIR; };
		84A0C4E61A12478500847C92 /* Info.plist */ = {isa = PBXFileReference; lastKnownFileType = text.plist.xml; path = Info.plist; sourceTree = "<group>"; };
		84A0C4E71A12478500847C92 /* main.m */ = {isa = PBXFileReference; lastKnownFileType = sourcecode.c.objc; path = main.m; sourceTree = "<group>"; };
		84A0C4E91A12478500847C92 /* AppDelegate.h */ = {isa = PBXFileReference; lastKnownFileType = sourcecode.c.h; path = AppDelegate.h; sourceTree = "<group>"; };
		84A0C4EA1A12478600847C92 /* AppDelegate.m */ = {isa = PBXFileReference; lastKnownFileType = sourcecode.c.objc; path = AppDelegate.m; sourceTree = "<group>"; };
		84A0C4ED1A12478600847C92 /* BadEggManager.xcdatamodel */ = {isa = PBXFileReference; lastKnownFileType = wrapper.xcdatamodel; path = BadEggManager.xcdatamodel; sourceTree = "<group>"; };
		84A0C4EF1A12478600847C92 /* MainViewController.h */ = {isa = PBXFileReference; lastKnownFileType = sourcecode.c.h; path = MainViewController.h; sourceTree = "<group>"; };
		84A0C4F01A12478600847C92 /* MainViewController.m */ = {isa = PBXFileReference; lastKnownFileType = sourcecode.c.objc; path = MainViewController.m; sourceTree = "<group>"; };
		84A0C4F31A12478600847C92 /* Base */ = {isa = PBXFileReference; lastKnownFileType = file.storyboard; name = Base; path = Base.lproj/Main.storyboard; sourceTree = "<group>"; };
		84A0C4F51A12478600847C92 /* Images.xcassets */ = {isa = PBXFileReference; lastKnownFileType = folder.assetcatalog; path = Images.xcassets; sourceTree = "<group>"; };
		84A0C4F81A12478600847C92 /* Base */ = {isa = PBXFileReference; lastKnownFileType = file.xib; name = Base; path = Base.lproj/LaunchScreen.xib; sourceTree = "<group>"; };
		84A0C4FE1A12478700847C92 /* BadEggManagerTests.xctest */ = {isa = PBXFileReference; explicitFileType = wrapper.cfbundle; includeInIndex = 0; path = BadEggManagerTests.xctest; sourceTree = BUILT_PRODUCTS_DIR; };
		84A0C5031A12478700847C92 /* Info.plist */ = {isa = PBXFileReference; lastKnownFileType = text.plist.xml; path = Info.plist; sourceTree = "<group>"; };
		84A0C5041A12478700847C92 /* BadEggManagerTests.m */ = {isa = PBXFileReference; lastKnownFileType = sourcecode.c.objc; path = BadEggManagerTests.m; sourceTree = "<group>"; };
		84A0C50F1A1258AF00847C92 /* ButtonStyleSetter.h */ = {isa = PBXFileReference; fileEncoding = 4; lastKnownFileType = sourcecode.c.h; path = ButtonStyleSetter.h; sourceTree = "<group>"; };
		84A0C5101A1258AF00847C92 /* ButtonStyleSetter.m */ = {isa = PBXFileReference; fileEncoding = 4; lastKnownFileType = sourcecode.c.objc; path = ButtonStyleSetter.m; sourceTree = "<group>"; };
/* End PBXFileReference section */

/* Begin PBXFrameworksBuildPhase section */
		84A0C4DF1A12478400847C92 /* Frameworks */ = {
			isa = PBXFrameworksBuildPhase;
			buildActionMask = 2147483647;
			files = (
			);
			runOnlyForDeploymentPostprocessing = 0;
		};
		84A0C4FB1A12478700847C92 /* Frameworks */ = {
			isa = PBXFrameworksBuildPhase;
			buildActionMask = 2147483647;
			files = (
			);
			runOnlyForDeploymentPostprocessing = 0;
		};
/* End PBXFrameworksBuildPhase section */

/* Begin PBXGroup section */
		84A0C4D91A12478300847C92 = {
			isa = PBXGroup;
			children = (
				84A0C4E41A12478400847C92 /* BadEggManager */,
				84A0C5011A12478700847C92 /* BadEggManagerTests */,
				84A0C4E31A12478400847C92 /* Products */,
			);
			sourceTree = "<group>";
		};
		84A0C4E31A12478400847C92 /* Products */ = {
			isa = PBXGroup;
			children = (
				84A0C4E21A12478400847C92 /* BadEggManager.app */,
				84A0C4FE1A12478700847C92 /* BadEggManagerTests.xctest */,
			);
			name = Products;
			sourceTree = "<group>";
		};
		84A0C4E41A12478400847C92 /* BadEggManager */ = {
			isa = PBXGroup;
			children = (
				84A0C50E1A12589500847C92 /* Tasks */,
				84A0C4E91A12478500847C92 /* AppDelegate.h */,
				84A0C4EA1A12478600847C92 /* AppDelegate.m */,
				84A0C4EF1A12478600847C92 /* MainViewController.h */,
				84A0C4F01A12478600847C92 /* MainViewController.m */,
				84A0C4F21A12478600847C92 /* Main.storyboard */,
				84A0C4F51A12478600847C92 /* Images.xcassets */,
				84A0C4F71A12478600847C92 /* LaunchScreen.xib */,
				84A0C4EC1A12478600847C92 /* BadEggManager.xcdatamodeld */,
				84A0C4E51A12478500847C92 /* Supporting Files */,
			);
			path = BadEggManager;
			sourceTree = "<group>";
		};
		84A0C4E51A12478500847C92 /* Supporting Files */ = {
			isa = PBXGroup;
			children = (
				84A0C4E61A12478500847C92 /* Info.plist */,
				84A0C4E71A12478500847C92 /* main.m */,
			);
			name = "Supporting Files";
			sourceTree = "<group>";
		};
		84A0C5011A12478700847C92 /* BadEggManagerTests */ = {
			isa = PBXGroup;
			children = (
				84A0C5041A12478700847C92 /* BadEggManagerTests.m */,
				84A0C5021A12478700847C92 /* Supporting Files */,
			);
			path = BadEggManagerTests;
			sourceTree = "<group>";
		};
		84A0C5021A12478700847C92 /* Supporting Files */ = {
			isa = PBXGroup;
			children = (
				84A0C5031A12478700847C92 /* Info.plist */,
			);
			name = "Supporting Files";
			sourceTree = "<group>";
		};
		84A0C50E1A12589500847C92 /* Tasks */ = {
			isa = PBXGroup;
			children = (
				84A0C50F1A1258AF00847C92 /* ButtonStyleSetter.h */,
				84A0C5101A1258AF00847C92 /* ButtonStyleSetter.m */,
			);
			name = Tasks;
			sourceTree = "<group>";
		};
/* End PBXGroup section */

/* Begin PBXNativeTarget section */
		84A0C4E11A12478400847C92 /* BadEggManager */ = {
			isa = PBXNativeTarget;
			buildConfigurationList = 84A0C5081A12478700847C92 /* Build configuration list for PBXNativeTarget "BadEggManager" */;
			buildPhases = (
				84A0C4DE1A12478400847C92 /* Sources */,
				84A0C4DF1A12478400847C92 /* Frameworks */,
				84A0C4E01A12478400847C92 /* Resources */,
			);
			buildRules = (
			);
			dependencies = (
			);
			name = BadEggManager;
			productName = BadEggManager;
			productReference = 84A0C4E21A12478400847C92 /* BadEggManager.app */;
			productType = "com.apple.product-type.application";
		};
		84A0C4FD1A12478700847C92 /* BadEggManagerTests */ = {
			isa = PBXNativeTarget;
			buildConfigurationList = 84A0C50B1A12478700847C92 /* Build configuration list for PBXNativeTarget "BadEggManagerTests" */;
			buildPhases = (
				84A0C4FA1A12478700847C92 /* Sources */,
				84A0C4FB1A12478700847C92 /* Frameworks */,
				84A0C4FC1A12478700847C92 /* Resources */,
			);
			buildRules = (
			);
			dependencies = (
				84A0C5001A12478700847C92 /* PBXTargetDependency */,
			);
			name = BadEggManagerTests;
			productName = BadEggManagerTests;
			productReference = 84A0C4FE1A12478700847C92 /* BadEggManagerTests.xctest */;
			productType = "com.apple.product-type.bundle.unit-test";
		};
/* End PBXNativeTarget section */

/* Begin PBXProject section */
		84A0C4DA1A12478300847C92 /* Project object */ = {
			isa = PBXProject;
			attributes = {
				LastUpgradeCheck = 0610;
				ORGANIZATIONNAME = admin;
				TargetAttributes = {
					84A0C4E11A12478400847C92 = {
						CreatedOnToolsVersion = 6.1;
					};
					84A0C4FD1A12478700847C92 = {
						CreatedOnToolsVersion = 6.1;
						TestTargetID = 84A0C4E11A12478400847C92;
					};
				};
			};
			buildConfigurationList = 84A0C4DD1A12478300847C92 /* Build configuration list for PBXProject "BadEggManager" */;
			compatibilityVersion = "Xcode 3.2";
			developmentRegion = English;
			hasScannedForEncodings = 0;
			knownRegions = (
				en,
				Base,
			);
			mainGroup = 84A0C4D91A12478300847C92;
			productRefGroup = 84A0C4E31A12478400847C92 /* Products */;
			projectDirPath = "";
			projectRoot = "";
			targets = (
				84A0C4E11A12478400847C92 /* BadEggManager */,
				84A0C4FD1A12478700847C92 /* BadEggManagerTests */,
			);
		};
/* End PBXProject section */

/* Begin PBXResourcesBuildPhase section */
		84A0C4E01A12478400847C92 /* Resources */ = {
			isa = PBXResourcesBuildPhase;
			buildActionMask = 2147483647;
			files = (
				84A0C4F41A12478600847C92 /* Main.storyboard in Resources */,
				84A0C4F91A12478600847C92 /* LaunchScreen.xib in Resources */,
				84A0C4F61A12478600847C92 /* Images.xcassets in Resources */,
			);
			runOnlyForDeploymentPostprocessing = 0;
		};
		84A0C4FC1A12478700847C92 /* Resources */ = {
			isa = PBXResourcesBuildPhase;
			buildActionMask = 2147483647;
			files = (
			);
			runOnlyForDeploymentPostprocessing = 0;
		};
/* End PBXResourcesBuildPhase section */

/* Begin PBXSourcesBuildPhase section */
		84A0C4DE1A12478400847C92 /* Sources */ = {
			isa = PBXSourcesBuildPhase;
			buildActionMask = 2147483647;
			files = (
				84A0C4EE1A12478600847C92 /* BadEggManager.xcdatamodeld in Sources */,
				84A0C4EB1A12478600847C92 /* AppDelegate.m in Sources */,
				84A0C4F11A12478600847C92 /* MainViewController.m in Sources */,
				84A0C4E81A12478500847C92 /* main.m in Sources */,
				84A0C5111A1258AF00847C92 /* ButtonStyleSetter.m in Sources */,
			);
			runOnlyForDeploymentPostprocessing = 0;
		};
		84A0C4FA1A12478700847C92 /* Sources */ = {
			isa = PBXSourcesBuildPhase;
			buildActionMask = 2147483647;
			files = (
				84A0C5051A12478700847C92 /* BadEggManagerTests.m in Sources */,
			);
			runOnlyForDeploymentPostprocessing = 0;
		};
/* End PBXSourcesBuildPhase section */

/* Begin PBXTargetDependency section */
		84A0C5001A12478700847C92 /* PBXTargetDependency */ = {
			isa = PBXTargetDependency;
			target = 84A0C4E11A12478400847C92 /* BadEggManager */;
			targetProxy = 84A0C4FF1A12478700847C92 /* PBXContainerItemProxy */;
		};
/* End PBXTargetDependency section */

/* Begin PBXVariantGroup section */
		84A0C4F21A12478600847C92 /* Main.storyboard */ = {
			isa = PBXVariantGroup;
			children = (
				84A0C4F31A12478600847C92 /* Base */,
			);
			name = Main.storyboard;
			sourceTree = "<group>";
		};
		84A0C4F71A12478600847C92 /* LaunchScreen.xib */ = {
			isa = PBXVariantGroup;
			children = (
				84A0C4F81A12478600847C92 /* Base */,
			);
			name = LaunchScreen.xib;
			sourceTree = "<group>";
		};
/* End PBXVariantGroup section */

/* Begin XCBuildConfiguration section */
		84A0C5061A12478700847C92 /* Debug */ = {
			isa = XCBuildConfiguration;
			buildSettings = {
				ALWAYS_SEARCH_USER_PATHS = NO;
				CLANG_CXX_LANGUAGE_STANDARD = "gnu++0x";
				CLANG_CXX_LIBRARY = "libc++";
				CLANG_ENABLE_MODULES = YES;
				CLANG_ENABLE_OBJC_ARC = YES;
				CLANG_WARN_BOOL_CONVERSION = YES;
				CLANG_WARN_CONSTANT_CONVERSION = YES;
				CLANG_WARN_DIRECT_OBJC_ISA_USAGE = YES_ERROR;
				CLANG_WARN_EMPTY_BODY = YES;
				CLANG_WARN_ENUM_CONVERSION = YES;
				CLANG_WARN_INT_CONVERSION = YES;
				CLANG_WARN_OBJC_ROOT_CLASS = YES_ERROR;
				CLANG_WARN_UNREACHABLE_CODE = YES;
				CLANG_WARN__DUPLICATE_METHOD_MATCH = YES;
				"CODE_SIGN_IDENTITY[sdk=iphoneos*]" = "iPhone Developer";
				COPY_PHASE_STRIP = NO;
				ENABLE_STRICT_OBJC_MSGSEND = YES;
				GCC_C_LANGUAGE_STANDARD = gnu99;
				GCC_DYNAMIC_NO_PIC = NO;
				GCC_OPTIMIZATION_LEVEL = 0;
				GCC_PREPROCESSOR_DEFINITIONS = (
					"DEBUG=1",
					"$(inherited)",
				);
				GCC_SYMBOLS_PRIVATE_EXTERN = NO;
				GCC_WARN_64_TO_32_BIT_CONVERSION = YES;
				GCC_WARN_ABOUT_RETURN_TYPE = YES_ERROR;
				GCC_WARN_UNDECLARED_SELECTOR = YES;
				GCC_WARN_UNINITIALIZED_AUTOS = YES_AGGRESSIVE;
				GCC_WARN_UNUSED_FUNCTION = YES;
				GCC_WARN_UNUSED_VARIABLE = YES;
				IPHONEOS_DEPLOYMENT_TARGET = 8.1;
				MTL_ENABLE_DEBUG_INFO = YES;
				ONLY_ACTIVE_ARCH = YES;
				SDKROOT = iphoneos;
			};
			name = Debug;
		};
		84A0C5071A12478700847C92 /* Release */ = {
			isa = XCBuildConfiguration;
			buildSettings = {
				ALWAYS_SEARCH_USER_PATHS = NO;
				CLANG_CXX_LANGUAGE_STANDARD = "gnu++0x";
				CLANG_CXX_LIBRARY = "libc++";
				CLANG_ENABLE_MODULES = YES;
				CLANG_ENABLE_OBJC_ARC = YES;
				CLANG_WARN_BOOL_CONVERSION = YES;
				CLANG_WARN_CONSTANT_CONVERSION = YES;
				CLANG_WARN_DIRECT_OBJC_ISA_USAGE = YES_ERROR;
				CLANG_WARN_EMPTY_BODY = YES;
				CLANG_WARN_ENUM_CONVERSION = YES;
				CLANG_WARN_INT_CONVERSION = YES;
				CLANG_WARN_OBJC_ROOT_CLASS = YES_ERROR;
				CLANG_WARN_UNREACHABLE_CODE = YES;
				CLANG_WARN__DUPLICATE_METHOD_MATCH = YES;
				"CODE_SIGN_IDENTITY[sdk=iphoneos*]" = "iPhone Developer";
				COPY_PHASE_STRIP = YES;
				ENABLE_NS_ASSERTIONS = NO;
				ENABLE_STRICT_OBJC_MSGSEND = YES;
				GCC_C_LANGUAGE_STANDARD = gnu99;
				GCC_WARN_64_TO_32_BIT_CONVERSION = YES;
				GCC_WARN_ABOUT_RETURN_TYPE = YES_ERROR;
				GCC_WARN_UNDECLARED_SELECTOR = YES;
				GCC_WARN_UNINITIALIZED_AUTOS = YES_AGGRESSIVE;
				GCC_WARN_UNUSED_FUNCTION = YES;
				GCC_WARN_UNUSED_VARIABLE = YES;
				IPHONEOS_DEPLOYMENT_TARGET = 8.1;
				MTL_ENABLE_DEBUG_INFO = NO;
				SDKROOT = iphoneos;
				VALIDATE_PRODUCT = YES;
			};
			name = Release;
		};
		84A0C5091A12478700847C92 /* Debug */ = {
			isa = XCBuildConfiguration;
			buildSettings = {
				ASSETCATALOG_COMPILER_APPICON_NAME = AppIcon;
				INFOPLIST_FILE = BadEggManager/Info.plist;
				LD_RUNPATH_SEARCH_PATHS = "$(inherited) @executable_path/Frameworks";
				PRODUCT_NAME = "$(TARGET_NAME)";
			};
			name = Debug;
		};
		84A0C50A1A12478700847C92 /* Release */ = {
			isa = XCBuildConfiguration;
			buildSettings = {
				ASSETCATALOG_COMPILER_APPICON_NAME = AppIcon;
				INFOPLIST_FILE = BadEggManager/Info.plist;
				LD_RUNPATH_SEARCH_PATHS = "$(inherited) @executable_path/Frameworks";
				PRODUCT_NAME = "$(TARGET_NAME)";
			};
			name = Release;
		};
		84A0C50C1A12478700847C92 /* Debug */ = {
			isa = XCBuildConfiguration;
			buildSettings = {
				BUNDLE_LOADER = "$(TEST_HOST)";
				FRAMEWORK_SEARCH_PATHS = (
					"$(SDKROOT)/Developer/Library/Frameworks",
					"$(inherited)",
				);
				GCC_PREPROCESSOR_DEFINITIONS = (
					"DEBUG=1",
					"$(inherited)",
				);
				INFOPLIST_FILE = BadEggManagerTests/Info.plist;
				LD_RUNPATH_SEARCH_PATHS = "$(inherited) @executable_path/Frameworks @loader_path/Frameworks";
				PRODUCT_NAME = "$(TARGET_NAME)";
				TEST_HOST = "$(BUILT_PRODUCTS_DIR)/BadEggManager.app/BadEggManager";
			};
			name = Debug;
		};
		84A0C50D1A12478700847C92 /* Release */ = {
			isa = XCBuildConfiguration;
			buildSettings = {
				BUNDLE_LOADER = "$(TEST_HOST)";
				FRAMEWORK_SEARCH_PATHS = (
					"$(SDKROOT)/Developer/Library/Frameworks",
					"$(inherited)",
				);
				INFOPLIST_FILE = BadEggManagerTests/Info.plist;
				LD_RUNPATH_SEARCH_PATHS = "$(inherited) @executable_path/Frameworks @loader_path/Frameworks";
				PRODUCT_NAME = "$(TARGET_NAME)";
				TEST_HOST = "$(BUILT_PRODUCTS_DIR)/BadEggManager.app/BadEggManager";
			};
			name = Release;
		};
/* End XCBuildConfiguration section */

/* Begin XCConfigurationList section */
		84A0C4DD1A12478300847C92 /* Build configuration list for PBXProject "BadEggManager" */ = {
			isa = XCConfigurationList;
			buildConfigurations = (
				84A0C5061A12478700847C92 /* Debug */,
				84A0C5071A12478700847C92 /* Release */,
			);
			defaultConfigurationIsVisible = 0;
			defaultConfigurationName = Release;
		};
		84A0C5081A12478700847C92 /* Build configuration list for PBXNativeTarget "BadEggManager" */ = {
			isa = XCConfigurationList;
			buildConfigurations = (
				84A0C5091A12478700847C92 /* Debug */,
				84A0C50A1A12478700847C92 /* Release */,
			);
			defaultConfigurationIsVisible = 0;
		};
		84A0C50B1A12478700847C92 /* Build configuration list for PBXNativeTarget "BadEggManagerTests" */ = {
			isa = XCConfigurationList;
			buildConfigurations = (
				84A0C50C1A12478700847C92 /* Debug */,
				84A0C50D1A12478700847C92 /* Release */,
			);
			defaultConfigurationIsVisible = 0;
		};
/* End XCConfigurationList section */

/* Begin XCVersionGroup section */
		84A0C4EC1A12478600847C92 /* BadEggManager.xcdatamodeld */ = {
			isa = XCVersionGroup;
			children = (
				84A0C4ED1A12478600847C92 /* BadEggManager.xcdatamodel */,
			);
			currentVersion = 84A0C4ED1A12478600847C92 /* BadEggManager.xcdatamodel */;
			path = BadEggManager.xcdatamodeld;
			sourceTree = "<group>";
			versionGroupType = wrapper.xcdatamodel;
		};
/* End XCVersionGroup section */
	};
	rootObject = 84A0C4DA1A12478300847C92 /* Project object */;
}
